// !$*UTF8*$!
{
	archiveVersion = 1;
	classes = {
	};
	objectVersion = 56;
	objects = {

/* Begin PBXBuildFile section */
		5D53368F2C29F83E009E58A6 /* SwiftDataApp.swift in Sources */ = {isa = PBXBuildFile; fileRef = 5D53368E2C29F83E009E58A6 /* SwiftDataApp.swift */; };
		5D5336912C29F83E009E58A6 /* ContentView.swift in Sources */ = {isa = PBXBuildFile; fileRef = 5D5336902C29F83E009E58A6 /* ContentView.swift */; };
		5D5336932C29F83E009E58A6 /* Cat.swift in Sources */ = {isa = PBXBuildFile; fileRef = 5D5336922C29F83E009E58A6 /* Cat.swift */; };
		5D5336952C29F83F009E58A6 /* Assets.xcassets in Resources */ = {isa = PBXBuildFile; fileRef = 5D5336942C29F83F009E58A6 /* Assets.xcassets */; };
		5D5336982C29F83F009E58A6 /* Preview Assets.xcassets in Resources */ = {isa = PBXBuildFile; fileRef = 5D5336972C29F83F009E58A6 /* Preview Assets.xcassets */; };
		5D5336A22C29F840009E58A6 /* swift_dataTests.swift in Sources */ = {isa = PBXBuildFile; fileRef = 5D5336A12C29F840009E58A6 /* swift_dataTests.swift */; };
		5D5336AC2C29F840009E58A6 /* swift_dataUITests.swift in Sources */ = {isa = PBXBuildFile; fileRef = 5D5336AB2C29F840009E58A6 /* swift_dataUITests.swift */; };
		5D5336AE2C29F840009E58A6 /* swift_dataUITestsLaunchTests.swift in Sources */ = {isa = PBXBuildFile; fileRef = 5D5336AD2C29F840009E58A6 /* swift_dataUITestsLaunchTests.swift */; };
		5D5336BD2C2DED2A009E58A6 /* ModelContainerFactory.swift in Sources */ = {isa = PBXBuildFile; fileRef = 5D5336BC2C2DED2A009E58A6 /* ModelContainerFactory.swift */; };
		5D5336C02C2DEDB8009E58A6 /* ModelContainerFactoryTests.swift in Sources */ = {isa = PBXBuildFile; fileRef = 5D5336BF2C2DEDB8009E58A6 /* ModelContainerFactoryTests.swift */; };
		5D5336C22C2DF372009E58A6 /* CatTests.swift in Sources */ = {isa = PBXBuildFile; fileRef = 5D5336C12C2DF372009E58A6 /* CatTests.swift */; };
		5D5336C42C2DF4A6009E58A6 /* CatColor.swift in Sources */ = {isa = PBXBuildFile; fileRef = 5D5336C32C2DF4A6009E58A6 /* CatColor.swift */; };
		5D5336C72C2DF7B1009E58A6 /* EditCatView.swift in Sources */ = {isa = PBXBuildFile; fileRef = 5D5336C62C2DF7B1009E58A6 /* EditCatView.swift */; };
		5D5336CA2C2DFC47009E58A6 /* CatFactory.swift in Sources */ = {isa = PBXBuildFile; fileRef = 5D5336C92C2DFC47009E58A6 /* CatFactory.swift */; };
		5D5336CD2C2F68F4009E58A6 /* NavigationHeaderStyle.swift in Sources */ = {isa = PBXBuildFile; fileRef = 5D5336CC2C2F68F4009E58A6 /* NavigationHeaderStyle.swift */; };
		5D5336CF2C30B050009E58A6 /* OptionsView.swift in Sources */ = {isa = PBXBuildFile; fileRef = 5D5336CE2C30B050009E58A6 /* OptionsView.swift */; };
		5D5336D32C319595009E58A6 /* ListRowStyle.swift in Sources */ = {isa = PBXBuildFile; fileRef = 5D5336D22C319595009E58A6 /* ListRowStyle.swift */; };
		5D5336D52C319EFD009E58A6 /* CatSortOption.swift in Sources */ = {isa = PBXBuildFile; fileRef = 5D5336D42C319EFD009E58A6 /* CatSortOption.swift */; };
		5D5336D72C31B8FA009E58A6 /* CatList.swift in Sources */ = {isa = PBXBuildFile; fileRef = 5D5336D62C31B8FA009E58A6 /* CatList.swift */; };
/* End PBXBuildFile section */

/* Begin PBXContainerItemProxy section */
		5D53369E2C29F840009E58A6 /* PBXContainerItemProxy */ = {
			isa = PBXContainerItemProxy;
			containerPortal = 5D5336832C29F83E009E58A6 /* Project object */;
			proxyType = 1;
			remoteGlobalIDString = 5D53368A2C29F83E009E58A6;
			remoteInfo = "swift-data";
		};
		5D5336A82C29F840009E58A6 /* PBXContainerItemProxy */ = {
			isa = PBXContainerItemProxy;
			containerPortal = 5D5336832C29F83E009E58A6 /* Project object */;
			proxyType = 1;
			remoteGlobalIDString = 5D53368A2C29F83E009E58A6;
			remoteInfo = "swift-data";
		};
/* End PBXContainerItemProxy section */

/* Begin PBXFileReference section */
		5D53368B2C29F83E009E58A6 /* swift-data.app */ = {isa = PBXFileReference; explicitFileType = wrapper.application; includeInIndex = 0; path = "swift-data.app"; sourceTree = BUILT_PRODUCTS_DIR; };
		5D53368E2C29F83E009E58A6 /* SwiftDataApp.swift */ = {isa = PBXFileReference; lastKnownFileType = sourcecode.swift; path = SwiftDataApp.swift; sourceTree = "<group>"; };
		5D5336902C29F83E009E58A6 /* ContentView.swift */ = {isa = PBXFileReference; lastKnownFileType = sourcecode.swift; path = ContentView.swift; sourceTree = "<group>"; };
		5D5336922C29F83E009E58A6 /* Cat.swift */ = {isa = PBXFileReference; lastKnownFileType = sourcecode.swift; path = Cat.swift; sourceTree = "<group>"; };
		5D5336942C29F83F009E58A6 /* Assets.xcassets */ = {isa = PBXFileReference; lastKnownFileType = folder.assetcatalog; path = Assets.xcassets; sourceTree = "<group>"; };
		5D5336972C29F83F009E58A6 /* Preview Assets.xcassets */ = {isa = PBXFileReference; lastKnownFileType = folder.assetcatalog; path = "Preview Assets.xcassets"; sourceTree = "<group>"; };
		5D53369D2C29F840009E58A6 /* swift-dataTests.xctest */ = {isa = PBXFileReference; explicitFileType = wrapper.cfbundle; includeInIndex = 0; path = "swift-dataTests.xctest"; sourceTree = BUILT_PRODUCTS_DIR; };
		5D5336A12C29F840009E58A6 /* swift_dataTests.swift */ = {isa = PBXFileReference; lastKnownFileType = sourcecode.swift; path = swift_dataTests.swift; sourceTree = "<group>"; };
		5D5336A72C29F840009E58A6 /* swift-dataUITests.xctest */ = {isa = PBXFileReference; explicitFileType = wrapper.cfbundle; includeInIndex = 0; path = "swift-dataUITests.xctest"; sourceTree = BUILT_PRODUCTS_DIR; };
		5D5336AB2C29F840009E58A6 /* swift_dataUITests.swift */ = {isa = PBXFileReference; lastKnownFileType = sourcecode.swift; path = swift_dataUITests.swift; sourceTree = "<group>"; };
		5D5336AD2C29F840009E58A6 /* swift_dataUITestsLaunchTests.swift */ = {isa = PBXFileReference; lastKnownFileType = sourcecode.swift; path = swift_dataUITestsLaunchTests.swift; sourceTree = "<group>"; };
		5D5336BA2C29F864009E58A6 /* README.md */ = {isa = PBXFileReference; lastKnownFileType = net.daringfireball.markdown; name = README.md; path = ../README.md; sourceTree = "<group>"; };
		5D5336BC2C2DED2A009E58A6 /* ModelContainerFactory.swift */ = {isa = PBXFileReference; lastKnownFileType = sourcecode.swift; path = ModelContainerFactory.swift; sourceTree = "<group>"; };
		5D5336BF2C2DEDB8009E58A6 /* ModelContainerFactoryTests.swift */ = {isa = PBXFileReference; lastKnownFileType = sourcecode.swift; path = ModelContainerFactoryTests.swift; sourceTree = "<group>"; };
		5D5336C12C2DF372009E58A6 /* CatTests.swift */ = {isa = PBXFileReference; lastKnownFileType = sourcecode.swift; path = CatTests.swift; sourceTree = "<group>"; };
		5D5336C32C2DF4A6009E58A6 /* CatColor.swift */ = {isa = PBXFileReference; lastKnownFileType = sourcecode.swift; path = CatColor.swift; sourceTree = "<group>"; };
		5D5336C62C2DF7B1009E58A6 /* EditCatView.swift */ = {isa = PBXFileReference; lastKnownFileType = sourcecode.swift; path = EditCatView.swift; sourceTree = "<group>"; };
		5D5336C92C2DFC47009E58A6 /* CatFactory.swift */ = {isa = PBXFileReference; lastKnownFileType = sourcecode.swift; path = CatFactory.swift; sourceTree = "<group>"; };
		5D5336CC2C2F68F4009E58A6 /* NavigationHeaderStyle.swift */ = {isa = PBXFileReference; lastKnownFileType = sourcecode.swift; path = NavigationHeaderStyle.swift; sourceTree = "<group>"; };
		5D5336CE2C30B050009E58A6 /* OptionsView.swift */ = {isa = PBXFileReference; lastKnownFileType = sourcecode.swift; path = OptionsView.swift; sourceTree = "<group>"; };
		5D5336D22C319595009E58A6 /* ListRowStyle.swift */ = {isa = PBXFileReference; lastKnownFileType = sourcecode.swift; path = ListRowStyle.swift; sourceTree = "<group>"; };
		5D5336D42C319EFD009E58A6 /* CatSortOption.swift */ = {isa = PBXFileReference; lastKnownFileType = sourcecode.swift; path = CatSortOption.swift; sourceTree = "<group>"; };
		5D5336D62C31B8FA009E58A6 /* CatList.swift */ = {isa = PBXFileReference; lastKnownFileType = sourcecode.swift; path = CatList.swift; sourceTree = "<group>"; };
/* End PBXFileReference section */

/* Begin PBXFrameworksBuildPhase section */
		5D5336882C29F83E009E58A6 /* Frameworks */ = {
			isa = PBXFrameworksBuildPhase;
			buildActionMask = 2147483647;
			files = (
			);
			runOnlyForDeploymentPostprocessing = 0;
		};
		5D53369A2C29F840009E58A6 /* Frameworks */ = {
			isa = PBXFrameworksBuildPhase;
			buildActionMask = 2147483647;
			files = (
			);
			runOnlyForDeploymentPostprocessing = 0;
		};
		5D5336A42C29F840009E58A6 /* Frameworks */ = {
			isa = PBXFrameworksBuildPhase;
			buildActionMask = 2147483647;
			files = (
			);
			runOnlyForDeploymentPostprocessing = 0;
		};
/* End PBXFrameworksBuildPhase section */

/* Begin PBXGroup section */
		5D5336822C29F83E009E58A6 = {
			isa = PBXGroup;
			children = (
				5D5336BA2C29F864009E58A6 /* README.md */,
				5D53368D2C29F83E009E58A6 /* swift-data */,
				5D5336A02C29F840009E58A6 /* swift-dataTests */,
				5D5336AA2C29F840009E58A6 /* swift-dataUITests */,
				5D53368C2C29F83E009E58A6 /* Products */,
			);
			sourceTree = "<group>";
		};
		5D53368C2C29F83E009E58A6 /* Products */ = {
			isa = PBXGroup;
			children = (
				5D53368B2C29F83E009E58A6 /* swift-data.app */,
				5D53369D2C29F840009E58A6 /* swift-dataTests.xctest */,
				5D5336A72C29F840009E58A6 /* swift-dataUITests.xctest */,
			);
			name = Products;
			sourceTree = "<group>";
		};
		5D53368D2C29F83E009E58A6 /* swift-data */ = {
			isa = PBXGroup;
			children = (
				5D5336C52C2DF7A0009E58A6 /* Views */,
				5D5336BB2C2DED06009E58A6 /* Models */,
				5D53368E2C29F83E009E58A6 /* SwiftDataApp.swift */,
				5D5336942C29F83F009E58A6 /* Assets.xcassets */,
				5D5336962C29F83F009E58A6 /* Preview Content */,
			);
			path = "swift-data";
			sourceTree = "<group>";
		};
		5D5336962C29F83F009E58A6 /* Preview Content */ = {
			isa = PBXGroup;
			children = (
				5D5336972C29F83F009E58A6 /* Preview Assets.xcassets */,
			);
			path = "Preview Content";
			sourceTree = "<group>";
		};
		5D5336A02C29F840009E58A6 /* swift-dataTests */ = {
			isa = PBXGroup;
			children = (
				5D5336BE2C2DEDAD009E58A6 /* Models */,
				5D5336A12C29F840009E58A6 /* swift_dataTests.swift */,
			);
			path = "swift-dataTests";
			sourceTree = "<group>";
		};
		5D5336AA2C29F840009E58A6 /* swift-dataUITests */ = {
			isa = PBXGroup;
			children = (
				5D5336AB2C29F840009E58A6 /* swift_dataUITests.swift */,
				5D5336AD2C29F840009E58A6 /* swift_dataUITestsLaunchTests.swift */,
			);
			path = "swift-dataUITests";
			sourceTree = "<group>";
		};
		5D5336BB2C2DED06009E58A6 /* Models */ = {
			isa = PBXGroup;
			children = (
				5D5336C82C2DFC3C009E58A6 /* Cat */,
				5D5336BC2C2DED2A009E58A6 /* ModelContainerFactory.swift */,
				5D5336D42C319EFD009E58A6 /* CatSortOption.swift */,
			);
			path = Models;
			sourceTree = "<group>";
		};
		5D5336BE2C2DEDAD009E58A6 /* Models */ = {
			isa = PBXGroup;
			children = (
				5D5336BF2C2DEDB8009E58A6 /* ModelContainerFactoryTests.swift */,
				5D5336C12C2DF372009E58A6 /* CatTests.swift */,
			);
			path = Models;
			sourceTree = "<group>";
		};
		5D5336C52C2DF7A0009E58A6 /* Views */ = {
			isa = PBXGroup;
			children = (
				5D5336CB2C2F68E0009E58A6 /* View Modifiers */,
				5D5336902C29F83E009E58A6 /* ContentView.swift */,
				5D5336D62C31B8FA009E58A6 /* CatList.swift */,
				5D5336C62C2DF7B1009E58A6 /* EditCatView.swift */,
				5D5336CE2C30B050009E58A6 /* OptionsView.swift */,
			);
			path = Views;
			sourceTree = "<group>";
		};
		5D5336C82C2DFC3C009E58A6 /* Cat */ = {
			isa = PBXGroup;
			children = (
				5D5336922C29F83E009E58A6 /* Cat.swift */,
				5D5336C32C2DF4A6009E58A6 /* CatColor.swift */,
				5D5336C92C2DFC47009E58A6 /* CatFactory.swift */,
			);
			path = Cat;
			sourceTree = "<group>";
		};
		5D5336CB2C2F68E0009E58A6 /* View Modifiers */ = {
			isa = PBXGroup;
			children = (
				5D5336CC2C2F68F4009E58A6 /* NavigationHeaderStyle.swift */,
				5D5336D22C319595009E58A6 /* ListRowStyle.swift */,
			);
			path = "View Modifiers";
			sourceTree = "<group>";
		};
/* End PBXGroup section */

/* Begin PBXNativeTarget section */
		5D53368A2C29F83E009E58A6 /* swift-data */ = {
			isa = PBXNativeTarget;
			buildConfigurationList = 5D5336B12C29F840009E58A6 /* Build configuration list for PBXNativeTarget "swift-data" */;
			buildPhases = (
				5D5336872C29F83E009E58A6 /* Sources */,
				5D5336882C29F83E009E58A6 /* Frameworks */,
				5D5336892C29F83E009E58A6 /* Resources */,
				5D5336D12C3193D5009E58A6 /* ShellScript */,
			);
			buildRules = (
			);
			dependencies = (
			);
			name = "swift-data";
			productName = "swift-data";
			productReference = 5D53368B2C29F83E009E58A6 /* swift-data.app */;
			productType = "com.apple.product-type.application";
		};
		5D53369C2C29F840009E58A6 /* swift-dataTests */ = {
			isa = PBXNativeTarget;
			buildConfigurationList = 5D5336B42C29F840009E58A6 /* Build configuration list for PBXNativeTarget "swift-dataTests" */;
			buildPhases = (
				5D5336992C29F840009E58A6 /* Sources */,
				5D53369A2C29F840009E58A6 /* Frameworks */,
				5D53369B2C29F840009E58A6 /* Resources */,
			);
			buildRules = (
			);
			dependencies = (
				5D53369F2C29F840009E58A6 /* PBXTargetDependency */,
			);
			name = "swift-dataTests";
			productName = "swift-dataTests";
			productReference = 5D53369D2C29F840009E58A6 /* swift-dataTests.xctest */;
			productType = "com.apple.product-type.bundle.unit-test";
		};
		5D5336A62C29F840009E58A6 /* swift-dataUITests */ = {
			isa = PBXNativeTarget;
			buildConfigurationList = 5D5336B72C29F840009E58A6 /* Build configuration list for PBXNativeTarget "swift-dataUITests" */;
			buildPhases = (
				5D5336A32C29F840009E58A6 /* Sources */,
				5D5336A42C29F840009E58A6 /* Frameworks */,
				5D5336A52C29F840009E58A6 /* Resources */,
			);
			buildRules = (
			);
			dependencies = (
				5D5336A92C29F840009E58A6 /* PBXTargetDependency */,
			);
			name = "swift-dataUITests";
			productName = "swift-dataUITests";
			productReference = 5D5336A72C29F840009E58A6 /* swift-dataUITests.xctest */;
			productType = "com.apple.product-type.bundle.ui-testing";
		};
/* End PBXNativeTarget section */

/* Begin PBXProject section */
		5D5336832C29F83E009E58A6 /* Project object */ = {
			isa = PBXProject;
			attributes = {
				BuildIndependentTargetsInParallel = 1;
				LastSwiftUpdateCheck = 1530;
				LastUpgradeCheck = 1530;
				TargetAttributes = {
					5D53368A2C29F83E009E58A6 = {
						CreatedOnToolsVersion = 15.3;
					};
					5D53369C2C29F840009E58A6 = {
						CreatedOnToolsVersion = 15.3;
						TestTargetID = 5D53368A2C29F83E009E58A6;
					};
					5D5336A62C29F840009E58A6 = {
						CreatedOnToolsVersion = 15.3;
						TestTargetID = 5D53368A2C29F83E009E58A6;
					};
				};
			};
			buildConfigurationList = 5D5336862C29F83E009E58A6 /* Build configuration list for PBXProject "swift-data" */;
			compatibilityVersion = "Xcode 14.0";
			developmentRegion = en;
			hasScannedForEncodings = 0;
			knownRegions = (
				en,
				Base,
			);
			mainGroup = 5D5336822C29F83E009E58A6;
			packageReferences = (
				5D5336D02C3193A2009E58A6 /* XCRemoteSwiftPackageReference "SwiftLint" */,
			);
			productRefGroup = 5D53368C2C29F83E009E58A6 /* Products */;
			projectDirPath = "";
			projectRoot = "";
			targets = (
				5D53368A2C29F83E009E58A6 /* swift-data */,
				5D53369C2C29F840009E58A6 /* swift-dataTests */,
				5D5336A62C29F840009E58A6 /* swift-dataUITests */,
			);
		};
/* End PBXProject section */

/* Begin PBXResourcesBuildPhase section */
		5D5336892C29F83E009E58A6 /* Resources */ = {
			isa = PBXResourcesBuildPhase;
			buildActionMask = 2147483647;
			files = (
				5D5336982C29F83F009E58A6 /* Preview Assets.xcassets in Resources */,
				5D5336952C29F83F009E58A6 /* Assets.xcassets in Resources */,
			);
			runOnlyForDeploymentPostprocessing = 0;
		};
		5D53369B2C29F840009E58A6 /* Resources */ = {
			isa = PBXResourcesBuildPhase;
			buildActionMask = 2147483647;
			files = (
			);
			runOnlyForDeploymentPostprocessing = 0;
		};
		5D5336A52C29F840009E58A6 /* Resources */ = {
			isa = PBXResourcesBuildPhase;
			buildActionMask = 2147483647;
			files = (
			);
			runOnlyForDeploymentPostprocessing = 0;
		};
/* End PBXResourcesBuildPhase section */

/* Begin PBXShellScriptBuildPhase section */
		5D5336D12C3193D5009E58A6 /* ShellScript */ = {
			isa = PBXShellScriptBuildPhase;
			buildActionMask = 8;
			files = (
			);
			inputFileListPaths = (
			);
			inputPaths = (
			);
			outputFileListPaths = (
			);
			outputPaths = (
			);
			runOnlyForDeploymentPostprocessing = 1;
			shellPath = /bin/sh;
			shellScript = "if which swiftlint >/dev/null; then\n  swiftlint\nelse\n  echo \"warning: SwiftLint not installed, download from https://github.com/realm/SwiftLint\"\nfi\n";
		};
/* End PBXShellScriptBuildPhase section */

/* Begin PBXSourcesBuildPhase section */
		5D5336872C29F83E009E58A6 /* Sources */ = {
			isa = PBXSourcesBuildPhase;
			buildActionMask = 2147483647;
			files = (
				5D5336D72C31B8FA009E58A6 /* CatList.swift in Sources */,
				5D5336CD2C2F68F4009E58A6 /* NavigationHeaderStyle.swift in Sources */,
				5D5336912C29F83E009E58A6 /* ContentView.swift in Sources */,
				5D5336C42C2DF4A6009E58A6 /* CatColor.swift in Sources */,
				5D5336932C29F83E009E58A6 /* Cat.swift in Sources */,
				5D5336D52C319EFD009E58A6 /* CatSortOption.swift in Sources */,
				5D5336D32C319595009E58A6 /* ListRowStyle.swift in Sources */,
				5D5336CA2C2DFC47009E58A6 /* CatFactory.swift in Sources */,
				5D5336C72C2DF7B1009E58A6 /* EditCatView.swift in Sources */,
				5D5336BD2C2DED2A009E58A6 /* ModelContainerFactory.swift in Sources */,
				5D5336CF2C30B050009E58A6 /* OptionsView.swift in Sources */,
				5D53368F2C29F83E009E58A6 /* SwiftDataApp.swift in Sources */,
			);
			runOnlyForDeploymentPostprocessing = 0;
		};
		5D5336992C29F840009E58A6 /* Sources */ = {
			isa = PBXSourcesBuildPhase;
			buildActionMask = 2147483647;
			files = (
				5D5336C02C2DEDB8009E58A6 /* ModelContainerFactoryTests.swift in Sources */,
				5D5336C22C2DF372009E58A6 /* CatTests.swift in Sources */,
				5D5336A22C29F840009E58A6 /* swift_dataTests.swift in Sources */,
			);
			runOnlyForDeploymentPostprocessing = 0;
		};
		5D5336A32C29F840009E58A6 /* Sources */ = {
			isa = PBXSourcesBuildPhase;
			buildActionMask = 2147483647;
			files = (
				5D5336AE2C29F840009E58A6 /* swift_dataUITestsLaunchTests.swift in Sources */,
				5D5336AC2C29F840009E58A6 /* swift_dataUITests.swift in Sources */,
			);
			runOnlyForDeploymentPostprocessing = 0;
		};
/* End PBXSourcesBuildPhase section */

/* Begin PBXTargetDependency section */
		5D53369F2C29F840009E58A6 /* PBXTargetDependency */ = {
			isa = PBXTargetDependency;
			target = 5D53368A2C29F83E009E58A6 /* swift-data */;
			targetProxy = 5D53369E2C29F840009E58A6 /* PBXContainerItemProxy */;
		};
		5D5336A92C29F840009E58A6 /* PBXTargetDependency */ = {
			isa = PBXTargetDependency;
			target = 5D53368A2C29F83E009E58A6 /* swift-data */;
			targetProxy = 5D5336A82C29F840009E58A6 /* PBXContainerItemProxy */;
		};
/* End PBXTargetDependency section */

/* Begin XCBuildConfiguration section */
		5D5336AF2C29F840009E58A6 /* Debug */ = {
			isa = XCBuildConfiguration;
			buildSettings = {
				ALWAYS_SEARCH_USER_PATHS = NO;
				ASSETCATALOG_COMPILER_GENERATE_SWIFT_ASSET_SYMBOL_EXTENSIONS = YES;
				CLANG_ANALYZER_NONNULL = YES;
				CLANG_ANALYZER_NUMBER_OBJECT_CONVERSION = YES_AGGRESSIVE;
				CLANG_CXX_LANGUAGE_STANDARD = "gnu++20";
				CLANG_ENABLE_MODULES = YES;
				CLANG_ENABLE_OBJC_ARC = YES;
				CLANG_ENABLE_OBJC_WEAK = YES;
				CLANG_WARN_BLOCK_CAPTURE_AUTORELEASING = YES;
				CLANG_WARN_BOOL_CONVERSION = YES;
				CLANG_WARN_COMMA = YES;
				CLANG_WARN_CONSTANT_CONVERSION = YES;
				CLANG_WARN_DEPRECATED_OBJC_IMPLEMENTATIONS = YES;
				CLANG_WARN_DIRECT_OBJC_ISA_USAGE = YES_ERROR;
				CLANG_WARN_DOCUMENTATION_COMMENTS = YES;
				CLANG_WARN_EMPTY_BODY = YES;
				CLANG_WARN_ENUM_CONVERSION = YES;
				CLANG_WARN_INFINITE_RECURSION = YES;
				CLANG_WARN_INT_CONVERSION = YES;
				CLANG_WARN_NON_LITERAL_NULL_CONVERSION = YES;
				CLANG_WARN_OBJC_IMPLICIT_RETAIN_SELF = YES;
				CLANG_WARN_OBJC_LITERAL_CONVERSION = YES;
				CLANG_WARN_OBJC_ROOT_CLASS = YES_ERROR;
				CLANG_WARN_QUOTED_INCLUDE_IN_FRAMEWORK_HEADER = YES;
				CLANG_WARN_RANGE_LOOP_ANALYSIS = YES;
				CLANG_WARN_STRICT_PROTOTYPES = YES;
				CLANG_WARN_SUSPICIOUS_MOVE = YES;
				CLANG_WARN_UNGUARDED_AVAILABILITY = YES_AGGRESSIVE;
				CLANG_WARN_UNREACHABLE_CODE = YES;
				CLANG_WARN__DUPLICATE_METHOD_MATCH = YES;
				COPY_PHASE_STRIP = NO;
				DEBUG_INFORMATION_FORMAT = dwarf;
				ENABLE_STRICT_OBJC_MSGSEND = YES;
				ENABLE_TESTABILITY = YES;
				ENABLE_USER_SCRIPT_SANDBOXING = YES;
				GCC_C_LANGUAGE_STANDARD = gnu17;
				GCC_DYNAMIC_NO_PIC = NO;
				GCC_NO_COMMON_BLOCKS = YES;
				GCC_OPTIMIZATION_LEVEL = 0;
				GCC_PREPROCESSOR_DEFINITIONS = (
					"DEBUG=1",
					"$(inherited)",
				);
				GCC_WARN_64_TO_32_BIT_CONVERSION = YES;
				GCC_WARN_ABOUT_RETURN_TYPE = YES_ERROR;
				GCC_WARN_UNDECLARED_SELECTOR = YES;
				GCC_WARN_UNINITIALIZED_AUTOS = YES_AGGRESSIVE;
				GCC_WARN_UNUSED_FUNCTION = YES;
				GCC_WARN_UNUSED_VARIABLE = YES;
				IPHONEOS_DEPLOYMENT_TARGET = 17.4;
				LOCALIZATION_PREFERS_STRING_CATALOGS = YES;
				MTL_ENABLE_DEBUG_INFO = INCLUDE_SOURCE;
				MTL_FAST_MATH = YES;
				ONLY_ACTIVE_ARCH = YES;
				SDKROOT = iphoneos;
				SWIFT_ACTIVE_COMPILATION_CONDITIONS = "DEBUG $(inherited)";
				SWIFT_OPTIMIZATION_LEVEL = "-Onone";
			};
			name = Debug;
		};
		5D5336B02C29F840009E58A6 /* Release */ = {
			isa = XCBuildConfiguration;
			buildSettings = {
				ALWAYS_SEARCH_USER_PATHS = NO;
				ASSETCATALOG_COMPILER_GENERATE_SWIFT_ASSET_SYMBOL_EXTENSIONS = YES;
				CLANG_ANALYZER_NONNULL = YES;
				CLANG_ANALYZER_NUMBER_OBJECT_CONVERSION = YES_AGGRESSIVE;
				CLANG_CXX_LANGUAGE_STANDARD = "gnu++20";
				CLANG_ENABLE_MODULES = YES;
				CLANG_ENABLE_OBJC_ARC = YES;
				CLANG_ENABLE_OBJC_WEAK = YES;
				CLANG_WARN_BLOCK_CAPTURE_AUTORELEASING = YES;
				CLANG_WARN_BOOL_CONVERSION = YES;
				CLANG_WARN_COMMA = YES;
				CLANG_WARN_CONSTANT_CONVERSION = YES;
				CLANG_WARN_DEPRECATED_OBJC_IMPLEMENTATIONS = YES;
				CLANG_WARN_DIRECT_OBJC_ISA_USAGE = YES_ERROR;
				CLANG_WARN_DOCUMENTATION_COMMENTS = YES;
				CLANG_WARN_EMPTY_BODY = YES;
				CLANG_WARN_ENUM_CONVERSION = YES;
				CLANG_WARN_INFINITE_RECURSION = YES;
				CLANG_WARN_INT_CONVERSION = YES;
				CLANG_WARN_NON_LITERAL_NULL_CONVERSION = YES;
				CLANG_WARN_OBJC_IMPLICIT_RETAIN_SELF = YES;
				CLANG_WARN_OBJC_LITERAL_CONVERSION = YES;
				CLANG_WARN_OBJC_ROOT_CLASS = YES_ERROR;
				CLANG_WARN_QUOTED_INCLUDE_IN_FRAMEWORK_HEADER = YES;
				CLANG_WARN_RANGE_LOOP_ANALYSIS = YES;
				CLANG_WARN_STRICT_PROTOTYPES = YES;
				CLANG_WARN_SUSPICIOUS_MOVE = YES;
				CLANG_WARN_UNGUARDED_AVAILABILITY = YES_AGGRESSIVE;
				CLANG_WARN_UNREACHABLE_CODE = YES;
				CLANG_WARN__DUPLICATE_METHOD_MATCH = YES;
				COPY_PHASE_STRIP = NO;
				DEBUG_INFORMATION_FORMAT = "dwarf-with-dsym";
				ENABLE_NS_ASSERTIONS = NO;
				ENABLE_STRICT_OBJC_MSGSEND = YES;
				ENABLE_USER_SCRIPT_SANDBOXING = YES;
				GCC_C_LANGUAGE_STANDARD = gnu17;
				GCC_NO_COMMON_BLOCKS = YES;
				GCC_WARN_64_TO_32_BIT_CONVERSION = YES;
				GCC_WARN_ABOUT_RETURN_TYPE = YES_ERROR;
				GCC_WARN_UNDECLARED_SELECTOR = YES;
				GCC_WARN_UNINITIALIZED_AUTOS = YES_AGGRESSIVE;
				GCC_WARN_UNUSED_FUNCTION = YES;
				GCC_WARN_UNUSED_VARIABLE = YES;
				IPHONEOS_DEPLOYMENT_TARGET = 17.4;
				LOCALIZATION_PREFERS_STRING_CATALOGS = YES;
				MTL_ENABLE_DEBUG_INFO = NO;
				MTL_FAST_MATH = YES;
				SDKROOT = iphoneos;
				SWIFT_COMPILATION_MODE = wholemodule;
				VALIDATE_PRODUCT = YES;
			};
			name = Release;
		};
		5D5336B22C29F840009E58A6 /* Debug */ = {
			isa = XCBuildConfiguration;
			buildSettings = {
				ASSETCATALOG_COMPILER_APPICON_NAME = AppIcon;
				ASSETCATALOG_COMPILER_GLOBAL_ACCENT_COLOR_NAME = AccentColor;
				CODE_SIGN_STYLE = Automatic;
				CURRENT_PROJECT_VERSION = 1;
				DEVELOPMENT_ASSET_PATHS = "\"swift-data/Preview Content\"";
				DEVELOPMENT_TEAM = 35ZPK8FK39;
				ENABLE_PREVIEWS = YES;
				GENERATE_INFOPLIST_FILE = YES;
				INFOPLIST_KEY_UIApplicationSceneManifest_Generation = YES;
				INFOPLIST_KEY_UIApplicationSupportsIndirectInputEvents = YES;
				INFOPLIST_KEY_UILaunchScreen_Generation = YES;
				INFOPLIST_KEY_UISupportedInterfaceOrientations_iPad = "UIInterfaceOrientationPortrait UIInterfaceOrientationPortraitUpsideDown UIInterfaceOrientationLandscapeLeft UIInterfaceOrientationLandscapeRight";
				INFOPLIST_KEY_UISupportedInterfaceOrientations_iPhone = "UIInterfaceOrientationPortrait UIInterfaceOrientationLandscapeLeft UIInterfaceOrientationLandscapeRight";
				LD_RUNPATH_SEARCH_PATHS = (
					"$(inherited)",
					"@executable_path/Frameworks",
				);
				MARKETING_VERSION = 1.0;
				PRODUCT_BUNDLE_IDENTIFIER = "nl.danielkroese.swift-data";
				PRODUCT_NAME = "$(TARGET_NAME)";
				SWIFT_EMIT_LOC_STRINGS = YES;
				SWIFT_STRICT_CONCURRENCY = complete;
				SWIFT_VERSION = 5.0;
				TARGETED_DEVICE_FAMILY = "1,2";
			};
			name = Debug;
		};
		5D5336B32C29F840009E58A6 /* Release */ = {
			isa = XCBuildConfiguration;
			buildSettings = {
				ASSETCATALOG_COMPILER_APPICON_NAME = AppIcon;
				ASSETCATALOG_COMPILER_GLOBAL_ACCENT_COLOR_NAME = AccentColor;
				CODE_SIGN_STYLE = Automatic;
				CURRENT_PROJECT_VERSION = 1;
				DEVELOPMENT_ASSET_PATHS = "\"swift-data/Preview Content\"";
				DEVELOPMENT_TEAM = 35ZPK8FK39;
				ENABLE_PREVIEWS = YES;
				GENERATE_INFOPLIST_FILE = YES;
				INFOPLIST_KEY_UIApplicationSceneManifest_Generation = YES;
				INFOPLIST_KEY_UIApplicationSupportsIndirectInputEvents = YES;
				INFOPLIST_KEY_UILaunchScreen_Generation = YES;
				INFOPLIST_KEY_UISupportedInterfaceOrientations_iPad = "UIInterfaceOrientationPortrait UIInterfaceOrientationPortraitUpsideDown UIInterfaceOrientationLandscapeLeft UIInterfaceOrientationLandscapeRight";
				INFOPLIST_KEY_UISupportedInterfaceOrientations_iPhone = "UIInterfaceOrientationPortrait UIInterfaceOrientationLandscapeLeft UIInterfaceOrientationLandscapeRight";
				LD_RUNPATH_SEARCH_PATHS = (
					"$(inherited)",
					"@executable_path/Frameworks",
				);
				MARKETING_VERSION = 1.0;
				PRODUCT_BUNDLE_IDENTIFIER = "nl.danielkroese.swift-data";
				PRODUCT_NAME = "$(TARGET_NAME)";
				SWIFT_EMIT_LOC_STRINGS = YES;
				SWIFT_STRICT_CONCURRENCY = complete;
				SWIFT_VERSION = 5.0;
				TARGETED_DEVICE_FAMILY = "1,2";
			};
			name = Release;
		};
		5D5336B52C29F840009E58A6 /* Debug */ = {
			isa = XCBuildConfiguration;
			buildSettings = {
				ALWAYS_EMBED_SWIFT_STANDARD_LIBRARIES = YES;
				BUNDLE_LOADER = "$(TEST_HOST)";
				CODE_SIGN_STYLE = Automatic;
				CURRENT_PROJECT_VERSION = 1;
				DEVELOPMENT_TEAM = 35ZPK8FK39;
				GENERATE_INFOPLIST_FILE = YES;
				IPHONEOS_DEPLOYMENT_TARGET = 17.4;
				MARKETING_VERSION = 1.0;
				PRODUCT_BUNDLE_IDENTIFIER = "nl.danielkroese.swift-dataTests";
				PRODUCT_NAME = "$(TARGET_NAME)";
				SWIFT_EMIT_LOC_STRINGS = NO;
				SWIFT_VERSION = 5.0;
				TARGETED_DEVICE_FAMILY = "1,2";
				TEST_HOST = "$(BUILT_PRODUCTS_DIR)/swift-data.app/$(BUNDLE_EXECUTABLE_FOLDER_PATH)/swift-data";
			};
			name = Debug;
		};
		5D5336B62C29F840009E58A6 /* Release */ = {
			isa = XCBuildConfiguration;
			buildSettings = {
				ALWAYS_EMBED_SWIFT_STANDARD_LIBRARIES = YES;
				BUNDLE_LOADER = "$(TEST_HOST)";
				CODE_SIGN_STYLE = Automatic;
				CURRENT_PROJECT_VERSION = 1;
				DEVELOPMENT_TEAM = 35ZPK8FK39;
				GENERATE_INFOPLIST_FILE = YES;
				IPHONEOS_DEPLOYMENT_TARGET = 17.4;
				MARKETING_VERSION = 1.0;
				PRODUCT_BUNDLE_IDENTIFIER = "nl.danielkroese.swift-dataTests";
				PRODUCT_NAME = "$(TARGET_NAME)";
				SWIFT_EMIT_LOC_STRINGS = NO;
				SWIFT_VERSION = 5.0;
				TARGETED_DEVICE_FAMILY = "1,2";
				TEST_HOST = "$(BUILT_PRODUCTS_DIR)/swift-data.app/$(BUNDLE_EXECUTABLE_FOLDER_PATH)/swift-data";
			};
			name = Release;
		};
		5D5336B82C29F840009E58A6 /* Debug */ = {
			isa = XCBuildConfiguration;
			buildSettings = {
				ALWAYS_EMBED_SWIFT_STANDARD_LIBRARIES = YES;
				CODE_SIGN_STYLE = Automatic;
				CURRENT_PROJECT_VERSION = 1;
				DEVELOPMENT_TEAM = 35ZPK8FK39;
				GENERATE_INFOPLIST_FILE = YES;
				MARKETING_VERSION = 1.0;
				PRODUCT_BUNDLE_IDENTIFIER = "nl.danielkroese.swift-dataUITests";
				PRODUCT_NAME = "$(TARGET_NAME)";
				SWIFT_EMIT_LOC_STRINGS = NO;
				SWIFT_VERSION = 5.0;
				TARGETED_DEVICE_FAMILY = "1,2";
				TEST_TARGET_NAME = "swift-data";
			};
			name = Debug;
		};
		5D5336B92C29F840009E58A6 /* Release */ = {
			isa = XCBuildConfiguration;
			buildSettings = {
				ALWAYS_EMBED_SWIFT_STANDARD_LIBRARIES = YES;
				CODE_SIGN_STYLE = Automatic;
				CURRENT_PROJECT_VERSION = 1;
				DEVELOPMENT_TEAM = 35ZPK8FK39;
				GENERATE_INFOPLIST_FILE = YES;
				MARKETING_VERSION = 1.0;
				PRODUCT_BUNDLE_IDENTIFIER = "nl.danielkroese.swift-dataUITests";
				PRODUCT_NAME = "$(TARGET_NAME)";
				SWIFT_EMIT_LOC_STRINGS = NO;
				SWIFT_VERSION = 5.0;
				TARGETED_DEVICE_FAMILY = "1,2";
				TEST_TARGET_NAME = "swift-data";
			};
			name = Release;
		};
/* End XCBuildConfiguration section */

/* Begin XCConfigurationList section */
		5D5336862C29F83E009E58A6 /* Build configuration list for PBXProject "swift-data" */ = {
			isa = XCConfigurationList;
			buildConfigurations = (
				5D5336AF2C29F840009E58A6 /* Debug */,
				5D5336B02C29F840009E58A6 /* Release */,
			);
			defaultConfigurationIsVisible = 0;
			defaultConfigurationName = Release;
		};
		5D5336B12C29F840009E58A6 /* Build configuration list for PBXNativeTarget "swift-data" */ = {
			isa = XCConfigurationList;
			buildConfigurations = (
				5D5336B22C29F840009E58A6 /* Debug */,
				5D5336B32C29F840009E58A6 /* Release */,
			);
			defaultConfigurationIsVisible = 0;
			defaultConfigurationName = Release;
		};
		5D5336B42C29F840009E58A6 /* Build configuration list for PBXNativeTarget "swift-dataTests" */ = {
			isa = XCConfigurationList;
			buildConfigurations = (
				5D5336B52C29F840009E58A6 /* Debug */,
				5D5336B62C29F840009E58A6 /* Release */,
			);
			defaultConfigurationIsVisible = 0;
			defaultConfigurationName = Release;
		};
		5D5336B72C29F840009E58A6 /* Build configuration list for PBXNativeTarget "swift-dataUITests" */ = {
			isa = XCConfigurationList;
			buildConfigurations = (
				5D5336B82C29F840009E58A6 /* Debug */,
				5D5336B92C29F840009E58A6 /* Release */,
			);
			defaultConfigurationIsVisible = 0;
			defaultConfigurationName = Release;
		};
/* End XCConfigurationList section */

/* Begin XCRemoteSwiftPackageReference section */
		5D5336D02C3193A2009E58A6 /* XCRemoteSwiftPackageReference "SwiftLint" */ = {
			isa = XCRemoteSwiftPackageReference;
			repositoryURL = "https://github.com/realm/SwiftLint.git";
			requirement = {
				kind = upToNextMajorVersion;
				minimumVersion = 0.55.1;
			};
		};
/* End XCRemoteSwiftPackageReference section */
	};
	rootObject = 5D5336832C29F83E009E58A6 /* Project object */;
}
